<?xml version="1.0" encoding="utf-8"?>
<Project ToolsVersion="4.0" xmlns="http://schemas.microsoft.com/developer/msbuild/2003">
  <ItemGroup>
    <Filter Include="Window">
      <UniqueIdentifier>{2ff89f5b-82e3-461f-a745-ffc2330cfbf4}</UniqueIdentifier>
    </Filter>
    <Filter Include="Audio">
      <UniqueIdentifier>{63f82e5b-b26f-4248-902e-cc900d89f05d}</UniqueIdentifier>
    </Filter>
    <Filter Include="Graphics">
      <UniqueIdentifier>{e3b7380f-12e0-4a32-84a3-fd3ecc07cf1f}</UniqueIdentifier>
    </Filter>
    <Filter Include="Main">
      <UniqueIdentifier>{39140c5e-57a2-4635-a8b9-d0125d02a97f}</UniqueIdentifier>
    </Filter>
    <Filter Include="Fonts">
      <UniqueIdentifier>{b70d64da-e19a-49dd-a3cc-8dec01692bc7}</UniqueIdentifier>
    </Filter>
    <Filter Include="Textures">
      <UniqueIdentifier>{87f4e23e-bcad-4114-ab16-0019e0faeab5}</UniqueIdentifier>
    </Filter>
    <Filter Include="Utilities">
      <UniqueIdentifier>{fa765573-4f13-4d57-86f9-7b176819477c}</UniqueIdentifier>
    </Filter>
    <Filter Include="Camera">
      <UniqueIdentifier>{f3545550-13f4-444d-be3d-db235aa1bfbe}</UniqueIdentifier>
    </Filter>
    <Filter Include="Camera\2D-Camera">
      <UniqueIdentifier>{cb1a3a6e-d81c-43de-86f6-b47160750c14}</UniqueIdentifier>
    </Filter>
    <Filter Include="Simulation">
      <UniqueIdentifier>{ec4f07a3-7043-437e-bb09-ce6fb3ba4d48}</UniqueIdentifier>
    </Filter>
    <Filter Include="Simulation\BallSim">
      <UniqueIdentifier>{9eb65930-6768-4559-bff4-e8ab18a1cae5}</UniqueIdentifier>
    </Filter>
  </ItemGroup>
  <ItemGroup>
    <ClInclude Include="engine.h">
      <Filter>Main</Filter>
    </ClInclude>
    <ClInclude Include="main.h">
      <Filter>Main</Filter>
    </ClInclude>
    <ClInclude Include="Colors.h">
      <Filter>Graphics</Filter>
    </ClInclude>
    <ClInclude Include="Graphics.h">
      <Filter>Graphics</Filter>
    </ClInclude>
    <ClInclude Include="Constants.h">
      <Filter>Utilities</Filter>
    </ClInclude>
    <ClInclude Include="Camera2D.h">
      <Filter>Camera\2D-Camera</Filter>
    </ClInclude>
    <ClInclude Include="bSim.h">
      <Filter>Simulation\BallSim</Filter>
    </ClInclude>
  </ItemGroup>
  <ItemGroup>
    <ClCompile Include="main.cpp">
      <Filter>Main</Filter>
    </ClCompile>
    <ClCompile Include="Graphics.cpp">
      <Filter>Graphics</Filter>
    </ClCompile>
    <ClCompile Include="Camera2D.cpp">
      <Filter>Camera\2D-Camera</Filter>
    </ClCompile>
    <ClCompile Include="bSim.cpp">
      <Filter>Simulation\BallSim</Filter>
    </ClCompile>
  </ItemGroup>
</Project>